// !$*UTF8*$!
{
	archiveVersion = 1;
	classes = {
	};
	objectVersion = 56;
	objects = {

/* Begin PBXBuildFile section */
		0036F82D2B67F01F00E9DBDC /* AppDelegate.swift in Sources */ = {isa = PBXBuildFile; fileRef = 0036F82C2B67F01F00E9DBDC /* AppDelegate.swift */; };
		0036F82F2B67F01F00E9DBDC /* SceneDelegate.swift in Sources */ = {isa = PBXBuildFile; fileRef = 0036F82E2B67F01F00E9DBDC /* SceneDelegate.swift */; };
		0036F8342B67F01F00E9DBDC /* Main.storyboard in Resources */ = {isa = PBXBuildFile; fileRef = 0036F8322B67F01F00E9DBDC /* Main.storyboard */; };
		0036F8362B67F02000E9DBDC /* Assets.xcassets in Resources */ = {isa = PBXBuildFile; fileRef = 0036F8352B67F02000E9DBDC /* Assets.xcassets */; };
		0036F8392B67F02000E9DBDC /* LaunchScreen.storyboard in Resources */ = {isa = PBXBuildFile; fileRef = 0036F8372B67F02000E9DBDC /* LaunchScreen.storyboard */; };
		0036F84E2B67F02000E9DBDC /* ImageGalleryAppUITests.swift in Sources */ = {isa = PBXBuildFile; fileRef = 0036F84D2B67F02000E9DBDC /* ImageGalleryAppUITests.swift */; };
		0036F8502B67F02000E9DBDC /* ImageGalleryAppUITestsLaunchTests.swift in Sources */ = {isa = PBXBuildFile; fileRef = 0036F84F2B67F02000E9DBDC /* ImageGalleryAppUITestsLaunchTests.swift */; };
		0036F8652B67F39100E9DBDC /* HTTPRequestExecutor.swift in Sources */ = {isa = PBXBuildFile; fileRef = 0036F8642B67F39100E9DBDC /* HTTPRequestExecutor.swift */; };
		0036F8672B67F5D900E9DBDC /* NetworkTypes.swift in Sources */ = {isa = PBXBuildFile; fileRef = 0036F8662B67F5D900E9DBDC /* NetworkTypes.swift */; };
		0036F8692B685E6600E9DBDC /* NetworkAssembly.swift in Sources */ = {isa = PBXBuildFile; fileRef = 0036F8682B685E6600E9DBDC /* NetworkAssembly.swift */; };
		0036F86C2B685ED500E9DBDC /* ListPhotosService.swift in Sources */ = {isa = PBXBuildFile; fileRef = 0036F86B2B685ED500E9DBDC /* ListPhotosService.swift */; };
		0036F86E2B685F3700E9DBDC /* ListPhotosResponse.swift in Sources */ = {isa = PBXBuildFile; fileRef = 0036F86D2B685F3700E9DBDC /* ListPhotosResponse.swift */; };
		0036F8722B68633A00E9DBDC /* URLRequestBuilder.swift in Sources */ = {isa = PBXBuildFile; fileRef = 0036F8712B68633A00E9DBDC /* URLRequestBuilder.swift */; };
		0036F8782B68682200E9DBDC /* Photo.swift in Sources */ = {isa = PBXBuildFile; fileRef = 0036F8772B68682200E9DBDC /* Photo.swift */; };
		0036F87B2B68690200E9DBDC /* ListPhotosHTTPRequest.swift in Sources */ = {isa = PBXBuildFile; fileRef = 0036F87A2B68690200E9DBDC /* ListPhotosHTTPRequest.swift */; };
		0036F87E2B690AD800E9DBDC /* ImageGalleryAssembly.swift in Sources */ = {isa = PBXBuildFile; fileRef = 0036F87D2B690AD800E9DBDC /* ImageGalleryAssembly.swift */; };
		0036F8802B690B6300E9DBDC /* ImageGalleryPresenter.swift in Sources */ = {isa = PBXBuildFile; fileRef = 0036F87F2B690B6300E9DBDC /* ImageGalleryPresenter.swift */; };
		0036F8832B69103700E9DBDC /* ImageGalleryViewController.swift in Sources */ = {isa = PBXBuildFile; fileRef = 0036F8812B69103700E9DBDC /* ImageGalleryViewController.swift */; };
		0036F8862B69108D00E9DBDC /* ImageGalleryRouter.swift in Sources */ = {isa = PBXBuildFile; fileRef = 0036F8852B69108D00E9DBDC /* ImageGalleryRouter.swift */; };
		0036F8882B69120700E9DBDC /* ServiceAssembly.swift in Sources */ = {isa = PBXBuildFile; fileRef = 0036F8872B69120700E9DBDC /* ServiceAssembly.swift */; };
		0036F88A2B69175100E9DBDC /* ImageGalleryCollectionViewCell.swift in Sources */ = {isa = PBXBuildFile; fileRef = 0036F8892B69175100E9DBDC /* ImageGalleryCollectionViewCell.swift */; };
		0036F88D2B697DCD00E9DBDC /* BrandedImageView.swift in Sources */ = {isa = PBXBuildFile; fileRef = 0036F88C2B697DCD00E9DBDC /* BrandedImageView.swift */; };
		0036F8902B697E5F00E9DBDC /* Kingfisher in Frameworks */ = {isa = PBXBuildFile; productRef = 0036F88F2B697E5F00E9DBDC /* Kingfisher */; };
		0036F8922B69C11600E9DBDC /* ImageDetailsAssembly.swift in Sources */ = {isa = PBXBuildFile; fileRef = 0036F8912B69C11600E9DBDC /* ImageDetailsAssembly.swift */; };
		0036F8942B69C2D200E9DBDC /* ImageDetailsPresenter.swift in Sources */ = {isa = PBXBuildFile; fileRef = 0036F8932B69C2D200E9DBDC /* ImageDetailsPresenter.swift */; };
		0036F8972B6A5DD200E9DBDC /* ImageDetailsViewController.swift in Sources */ = {isa = PBXBuildFile; fileRef = 0036F8952B6A5DD200E9DBDC /* ImageDetailsViewController.swift */; };
		0036F8982B6A5DD200E9DBDC /* ImageDetailsViewController.xib in Resources */ = {isa = PBXBuildFile; fileRef = 0036F8962B6A5DD200E9DBDC /* ImageDetailsViewController.xib */; };
		0036F89C2B6A5EE900E9DBDC /* ImageDetailsCollectionViewCell.swift in Sources */ = {isa = PBXBuildFile; fileRef = 0036F89A2B6A5EE900E9DBDC /* ImageDetailsCollectionViewCell.swift */; };
		0036F89D2B6A5EE900E9DBDC /* ImageDetailsCollectionViewCell.xib in Resources */ = {isa = PBXBuildFile; fileRef = 0036F89B2B6A5EE900E9DBDC /* ImageDetailsCollectionViewCell.xib */; };
		0036F8A02B6A5F9100E9DBDC /* ImageGalleryCellItem.swift in Sources */ = {isa = PBXBuildFile; fileRef = 0036F89F2B6A5F9100E9DBDC /* ImageGalleryCellItem.swift */; };
		0036F8A32B6A625500E9DBDC /* UIImage+Extensions.swift in Sources */ = {isa = PBXBuildFile; fileRef = 0036F8A22B6A625500E9DBDC /* UIImage+Extensions.swift */; };
		0036F8A62B6AA22A00E9DBDC /* PhotoModelStorage.xcdatamodeld in Sources */ = {isa = PBXBuildFile; fileRef = 0036F8A42B6AA22A00E9DBDC /* PhotoModelStorage.xcdatamodeld */; };
		0036F8A82B6AA40800E9DBDC /* PersistenceStorageManager.swift in Sources */ = {isa = PBXBuildFile; fileRef = 0036F8A72B6AA40800E9DBDC /* PersistenceStorageManager.swift */; };
		0036F8AA2B6AD65E00E9DBDC /* CollectionViewLayoutBuilder.swift in Sources */ = {isa = PBXBuildFile; fileRef = 0036F8A92B6AD65E00E9DBDC /* CollectionViewLayoutBuilder.swift */; };
		0036F8AD2B6AF41D00E9DBDC /* RequestExecutorSpy.swift in Sources */ = {isa = PBXBuildFile; fileRef = 0036F8AC2B6AF41D00E9DBDC /* RequestExecutorSpy.swift */; };
		0036F8AF2B6AF48200E9DBDC /* ListPhotosServiceTests.swift in Sources */ = {isa = PBXBuildFile; fileRef = 0036F8AE2B6AF48200E9DBDC /* ListPhotosServiceTests.swift */; };
		0036F8B22B6AF4D400E9DBDC /* PersistenceStorageServiceSpy.swift in Sources */ = {isa = PBXBuildFile; fileRef = 0036F8B12B6AF4D400E9DBDC /* PersistenceStorageServiceSpy.swift */; };
		0036F8B42B6BE1A900E9DBDC /* PersistenceStorageService.swift in Sources */ = {isa = PBXBuildFile; fileRef = 0036F8B32B6BE1A900E9DBDC /* PersistenceStorageService.swift */; };
/* End PBXBuildFile section */

/* Begin PBXContainerItemProxy section */
		0036F8402B67F02000E9DBDC /* PBXContainerItemProxy */ = {
			isa = PBXContainerItemProxy;
			containerPortal = 0036F8212B67F01F00E9DBDC /* Project object */;
			proxyType = 1;
			remoteGlobalIDString = 0036F8282B67F01F00E9DBDC;
			remoteInfo = ImageGalleryApp;
		};
		0036F84A2B67F02000E9DBDC /* PBXContainerItemProxy */ = {
			isa = PBXContainerItemProxy;
			containerPortal = 0036F8212B67F01F00E9DBDC /* Project object */;
			proxyType = 1;
			remoteGlobalIDString = 0036F8282B67F01F00E9DBDC;
			remoteInfo = ImageGalleryApp;
		};
/* End PBXContainerItemProxy section */

/* Begin PBXFileReference section */
		0036F8292B67F01F00E9DBDC /* ImageGalleryApp.app */ = {isa = PBXFileReference; explicitFileType = wrapper.application; includeInIndex = 0; path = ImageGalleryApp.app; sourceTree = BUILT_PRODUCTS_DIR; };
		0036F82C2B67F01F00E9DBDC /* AppDelegate.swift */ = {isa = PBXFileReference; lastKnownFileType = sourcecode.swift; path = AppDelegate.swift; sourceTree = "<group>"; };
		0036F82E2B67F01F00E9DBDC /* SceneDelegate.swift */ = {isa = PBXFileReference; lastKnownFileType = sourcecode.swift; path = SceneDelegate.swift; sourceTree = "<group>"; };
		0036F8332B67F01F00E9DBDC /* Base */ = {isa = PBXFileReference; lastKnownFileType = file.storyboard; name = Base; path = Base.lproj/Main.storyboard; sourceTree = "<group>"; };
		0036F8352B67F02000E9DBDC /* Assets.xcassets */ = {isa = PBXFileReference; lastKnownFileType = folder.assetcatalog; path = Assets.xcassets; sourceTree = "<group>"; };
		0036F8382B67F02000E9DBDC /* Base */ = {isa = PBXFileReference; lastKnownFileType = file.storyboard; name = Base; path = Base.lproj/LaunchScreen.storyboard; sourceTree = "<group>"; };
		0036F83A2B67F02000E9DBDC /* Info.plist */ = {isa = PBXFileReference; lastKnownFileType = text.plist.xml; path = Info.plist; sourceTree = "<group>"; };
		0036F83F2B67F02000E9DBDC /* ImageGalleryAppTests.xctest */ = {isa = PBXFileReference; explicitFileType = wrapper.cfbundle; includeInIndex = 0; path = ImageGalleryAppTests.xctest; sourceTree = BUILT_PRODUCTS_DIR; };
		0036F8492B67F02000E9DBDC /* ImageGalleryAppUITests.xctest */ = {isa = PBXFileReference; explicitFileType = wrapper.cfbundle; includeInIndex = 0; path = ImageGalleryAppUITests.xctest; sourceTree = BUILT_PRODUCTS_DIR; };
		0036F84D2B67F02000E9DBDC /* ImageGalleryAppUITests.swift */ = {isa = PBXFileReference; lastKnownFileType = sourcecode.swift; path = ImageGalleryAppUITests.swift; sourceTree = "<group>"; };
		0036F84F2B67F02000E9DBDC /* ImageGalleryAppUITestsLaunchTests.swift */ = {isa = PBXFileReference; lastKnownFileType = sourcecode.swift; path = ImageGalleryAppUITestsLaunchTests.swift; sourceTree = "<group>"; };
		0036F8642B67F39100E9DBDC /* HTTPRequestExecutor.swift */ = {isa = PBXFileReference; lastKnownFileType = sourcecode.swift; path = HTTPRequestExecutor.swift; sourceTree = "<group>"; };
		0036F8662B67F5D900E9DBDC /* NetworkTypes.swift */ = {isa = PBXFileReference; lastKnownFileType = sourcecode.swift; path = NetworkTypes.swift; sourceTree = "<group>"; };
		0036F8682B685E6600E9DBDC /* NetworkAssembly.swift */ = {isa = PBXFileReference; lastKnownFileType = sourcecode.swift; path = NetworkAssembly.swift; sourceTree = "<group>"; };
		0036F86B2B685ED500E9DBDC /* ListPhotosService.swift */ = {isa = PBXFileReference; lastKnownFileType = sourcecode.swift; path = ListPhotosService.swift; sourceTree = "<group>"; };
		0036F86D2B685F3700E9DBDC /* ListPhotosResponse.swift */ = {isa = PBXFileReference; lastKnownFileType = sourcecode.swift; path = ListPhotosResponse.swift; sourceTree = "<group>"; };
		0036F8712B68633A00E9DBDC /* URLRequestBuilder.swift */ = {isa = PBXFileReference; lastKnownFileType = sourcecode.swift; path = URLRequestBuilder.swift; sourceTree = "<group>"; };
		0036F8772B68682200E9DBDC /* Photo.swift */ = {isa = PBXFileReference; lastKnownFileType = sourcecode.swift; path = Photo.swift; sourceTree = "<group>"; };
		0036F87A2B68690200E9DBDC /* ListPhotosHTTPRequest.swift */ = {isa = PBXFileReference; lastKnownFileType = sourcecode.swift; path = ListPhotosHTTPRequest.swift; sourceTree = "<group>"; };
		0036F87D2B690AD800E9DBDC /* ImageGalleryAssembly.swift */ = {isa = PBXFileReference; lastKnownFileType = sourcecode.swift; path = ImageGalleryAssembly.swift; sourceTree = "<group>"; };
		0036F87F2B690B6300E9DBDC /* ImageGalleryPresenter.swift */ = {isa = PBXFileReference; lastKnownFileType = sourcecode.swift; path = ImageGalleryPresenter.swift; sourceTree = "<group>"; };
		0036F8812B69103700E9DBDC /* ImageGalleryViewController.swift */ = {isa = PBXFileReference; lastKnownFileType = sourcecode.swift; path = ImageGalleryViewController.swift; sourceTree = "<group>"; };
		0036F8852B69108D00E9DBDC /* ImageGalleryRouter.swift */ = {isa = PBXFileReference; lastKnownFileType = sourcecode.swift; path = ImageGalleryRouter.swift; sourceTree = "<group>"; };
		0036F8872B69120700E9DBDC /* ServiceAssembly.swift */ = {isa = PBXFileReference; lastKnownFileType = sourcecode.swift; path = ServiceAssembly.swift; sourceTree = "<group>"; };
		0036F8892B69175100E9DBDC /* ImageGalleryCollectionViewCell.swift */ = {isa = PBXFileReference; lastKnownFileType = sourcecode.swift; path = ImageGalleryCollectionViewCell.swift; sourceTree = "<group>"; };
		0036F88C2B697DCD00E9DBDC /* BrandedImageView.swift */ = {isa = PBXFileReference; lastKnownFileType = sourcecode.swift; path = BrandedImageView.swift; sourceTree = "<group>"; };
		0036F8912B69C11600E9DBDC /* ImageDetailsAssembly.swift */ = {isa = PBXFileReference; lastKnownFileType = sourcecode.swift; path = ImageDetailsAssembly.swift; sourceTree = "<group>"; };
		0036F8932B69C2D200E9DBDC /* ImageDetailsPresenter.swift */ = {isa = PBXFileReference; lastKnownFileType = sourcecode.swift; path = ImageDetailsPresenter.swift; sourceTree = "<group>"; };
		0036F8952B6A5DD200E9DBDC /* ImageDetailsViewController.swift */ = {isa = PBXFileReference; lastKnownFileType = sourcecode.swift; path = ImageDetailsViewController.swift; sourceTree = "<group>"; };
		0036F8962B6A5DD200E9DBDC /* ImageDetailsViewController.xib */ = {isa = PBXFileReference; lastKnownFileType = file.xib; path = ImageDetailsViewController.xib; sourceTree = "<group>"; };
		0036F89A2B6A5EE900E9DBDC /* ImageDetailsCollectionViewCell.swift */ = {isa = PBXFileReference; lastKnownFileType = sourcecode.swift; path = ImageDetailsCollectionViewCell.swift; sourceTree = "<group>"; };
		0036F89B2B6A5EE900E9DBDC /* ImageDetailsCollectionViewCell.xib */ = {isa = PBXFileReference; lastKnownFileType = file.xib; path = ImageDetailsCollectionViewCell.xib; sourceTree = "<group>"; };
		0036F89F2B6A5F9100E9DBDC /* ImageGalleryCellItem.swift */ = {isa = PBXFileReference; lastKnownFileType = sourcecode.swift; path = ImageGalleryCellItem.swift; sourceTree = "<group>"; };
		0036F8A22B6A625500E9DBDC /* UIImage+Extensions.swift */ = {isa = PBXFileReference; lastKnownFileType = sourcecode.swift; path = "UIImage+Extensions.swift"; sourceTree = "<group>"; };
		0036F8A52B6AA22A00E9DBDC /* PhotoModelStorage.xcdatamodel */ = {isa = PBXFileReference; lastKnownFileType = wrapper.xcdatamodel; path = PhotoModelStorage.xcdatamodel; sourceTree = "<group>"; };
		0036F8A72B6AA40800E9DBDC /* PersistenceStorageManager.swift */ = {isa = PBXFileReference; lastKnownFileType = sourcecode.swift; path = PersistenceStorageManager.swift; sourceTree = "<group>"; };
		0036F8A92B6AD65E00E9DBDC /* CollectionViewLayoutBuilder.swift */ = {isa = PBXFileReference; lastKnownFileType = sourcecode.swift; path = CollectionViewLayoutBuilder.swift; sourceTree = "<group>"; };
		0036F8AC2B6AF41D00E9DBDC /* RequestExecutorSpy.swift */ = {isa = PBXFileReference; lastKnownFileType = sourcecode.swift; path = RequestExecutorSpy.swift; sourceTree = "<group>"; };
		0036F8AE2B6AF48200E9DBDC /* ListPhotosServiceTests.swift */ = {isa = PBXFileReference; lastKnownFileType = sourcecode.swift; path = ListPhotosServiceTests.swift; sourceTree = "<group>"; };
		0036F8B12B6AF4D400E9DBDC /* PersistenceStorageServiceSpy.swift */ = {isa = PBXFileReference; lastKnownFileType = sourcecode.swift; path = PersistenceStorageServiceSpy.swift; sourceTree = "<group>"; };
		0036F8B32B6BE1A900E9DBDC /* PersistenceStorageService.swift */ = {isa = PBXFileReference; lastKnownFileType = sourcecode.swift; path = PersistenceStorageService.swift; sourceTree = "<group>"; };
/* End PBXFileReference section */

/* Begin PBXFrameworksBuildPhase section */
		0036F8262B67F01F00E9DBDC /* Frameworks */ = {
			isa = PBXFrameworksBuildPhase;
			buildActionMask = 2147483647;
			files = (
				0036F8902B697E5F00E9DBDC /* Kingfisher in Frameworks */,
			);
			runOnlyForDeploymentPostprocessing = 0;
		};
		0036F83C2B67F02000E9DBDC /* Frameworks */ = {
			isa = PBXFrameworksBuildPhase;
			buildActionMask = 2147483647;
			files = (
			);
			runOnlyForDeploymentPostprocessing = 0;
		};
		0036F8462B67F02000E9DBDC /* Frameworks */ = {
			isa = PBXFrameworksBuildPhase;
			buildActionMask = 2147483647;
			files = (
			);
			runOnlyForDeploymentPostprocessing = 0;
		};
/* End PBXFrameworksBuildPhase section */

/* Begin PBXGroup section */
		0036F8202B67F01F00E9DBDC = {
			isa = PBXGroup;
			children = (
				0036F82B2B67F01F00E9DBDC /* ImageGalleryApp */,
				0036F8422B67F02000E9DBDC /* ImageGalleryAppTests */,
				0036F84C2B67F02000E9DBDC /* ImageGalleryAppUITests */,
				0036F82A2B67F01F00E9DBDC /* Products */,
			);
			sourceTree = "<group>";
		};
		0036F82A2B67F01F00E9DBDC /* Products */ = {
			isa = PBXGroup;
			children = (
				0036F8292B67F01F00E9DBDC /* ImageGalleryApp.app */,
				0036F83F2B67F02000E9DBDC /* ImageGalleryAppTests.xctest */,
				0036F8492B67F02000E9DBDC /* ImageGalleryAppUITests.xctest */,
			);
			name = Products;
			sourceTree = "<group>";
		};
		0036F82B2B67F01F00E9DBDC /* ImageGalleryApp */ = {
			isa = PBXGroup;
			children = (
				0036F85F2B67F0E000E9DBDC /* App */,
				0036F8A12B6A624000E9DBDC /* Extensions */,
				0036F8732B6863B500E9DBDC /* Global */,
				0036F85D2B67F0CF00E9DBDC /* Services */,
				0036F8602B67F0F200E9DBDC /* Models */,
				0036F85E2B67F0D400E9DBDC /* Modules */,
				0036F85C2B67F0C800E9DBDC /* Network */,
				0036F8612B67F10400E9DBDC /* UI */,
				0036F8322B67F01F00E9DBDC /* Main.storyboard */,
				0036F8352B67F02000E9DBDC /* Assets.xcassets */,
				0036F8372B67F02000E9DBDC /* LaunchScreen.storyboard */,
				0036F83A2B67F02000E9DBDC /* Info.plist */,
			);
			path = ImageGalleryApp;
			sourceTree = "<group>";
		};
		0036F8422B67F02000E9DBDC /* ImageGalleryAppTests */ = {
			isa = PBXGroup;
			children = (
				0036F8B02B6AF4C100E9DBDC /* Storage */,
				0036F8AB2B6AF40500E9DBDC /* Network */,
				0036F8AE2B6AF48200E9DBDC /* ListPhotosServiceTests.swift */,
			);
			path = ImageGalleryAppTests;
			sourceTree = "<group>";
		};
		0036F84C2B67F02000E9DBDC /* ImageGalleryAppUITests */ = {
			isa = PBXGroup;
			children = (
				0036F84D2B67F02000E9DBDC /* ImageGalleryAppUITests.swift */,
				0036F84F2B67F02000E9DBDC /* ImageGalleryAppUITestsLaunchTests.swift */,
			);
			path = ImageGalleryAppUITests;
			sourceTree = "<group>";
		};
		0036F85C2B67F0C800E9DBDC /* Network */ = {
			isa = PBXGroup;
			children = (
				0036F87C2B686CA100E9DBDC /* RequestExecutor */,
				0036F86A2B685E9C00E9DBDC /* RequestBuilder */,
				0036F8792B6868DE00E9DBDC /* Requests */,
				0036F8682B685E6600E9DBDC /* NetworkAssembly.swift */,
				0036F8662B67F5D900E9DBDC /* NetworkTypes.swift */,
			);
			path = Network;
			sourceTree = "<group>";
		};
		0036F85D2B67F0CF00E9DBDC /* Services */ = {
			isa = PBXGroup;
			children = (
				0036F8872B69120700E9DBDC /* ServiceAssembly.swift */,
				0036F86B2B685ED500E9DBDC /* ListPhotosService.swift */,
				0036F8B32B6BE1A900E9DBDC /* PersistenceStorageService.swift */,
			);
			path = Services;
			sourceTree = "<group>";
		};
		0036F85E2B67F0D400E9DBDC /* Modules */ = {
			isa = PBXGroup;
			children = (
				0036F8622B67F13000E9DBDC /* ImageGallery */,
				0036F8632B67F13700E9DBDC /* ImageDetails */,
			);
			path = Modules;
			sourceTree = "<group>";
		};
		0036F85F2B67F0E000E9DBDC /* App */ = {
			isa = PBXGroup;
			children = (
				0036F82C2B67F01F00E9DBDC /* AppDelegate.swift */,
				0036F82E2B67F01F00E9DBDC /* SceneDelegate.swift */,
			);
			path = App;
			sourceTree = "<group>";
		};
		0036F8602B67F0F200E9DBDC /* Models */ = {
			isa = PBXGroup;
			children = (
				0036F86F2B685F3D00E9DBDC /* BE */,
				0036F8702B685F4100E9DBDC /* Business */,
				0036F89E2B6A5F7700E9DBDC /* Display */,
			);
			path = Models;
			sourceTree = "<group>";
		};
		0036F8612B67F10400E9DBDC /* UI */ = {
			isa = PBXGroup;
			children = (
				0036F88C2B697DCD00E9DBDC /* BrandedImageView.swift */,
				0036F8A92B6AD65E00E9DBDC /* CollectionViewLayoutBuilder.swift */,
			);
			path = UI;
			sourceTree = "<group>";
		};
		0036F8622B67F13000E9DBDC /* ImageGallery */ = {
			isa = PBXGroup;
			children = (
				0036F88B2B69175600E9DBDC /* Cell */,
				0036F87D2B690AD800E9DBDC /* ImageGalleryAssembly.swift */,
				0036F87F2B690B6300E9DBDC /* ImageGalleryPresenter.swift */,
				0036F8852B69108D00E9DBDC /* ImageGalleryRouter.swift */,
				0036F8812B69103700E9DBDC /* ImageGalleryViewController.swift */,
			);
			path = ImageGallery;
			sourceTree = "<group>";
		};
		0036F8632B67F13700E9DBDC /* ImageDetails */ = {
			isa = PBXGroup;
			children = (
				0036F8992B6A5EB000E9DBDC /* Cell */,
				0036F8912B69C11600E9DBDC /* ImageDetailsAssembly.swift */,
				0036F8932B69C2D200E9DBDC /* ImageDetailsPresenter.swift */,
				0036F8952B6A5DD200E9DBDC /* ImageDetailsViewController.swift */,
				0036F8962B6A5DD200E9DBDC /* ImageDetailsViewController.xib */,
			);
			path = ImageDetails;
			sourceTree = "<group>";
		};
		0036F86A2B685E9C00E9DBDC /* RequestBuilder */ = {
			isa = PBXGroup;
			children = (
				0036F8712B68633A00E9DBDC /* URLRequestBuilder.swift */,
			);
			path = RequestBuilder;
			sourceTree = "<group>";
		};
		0036F86F2B685F3D00E9DBDC /* BE */ = {
			isa = PBXGroup;
			children = (
				0036F86D2B685F3700E9DBDC /* ListPhotosResponse.swift */,
			);
			path = BE;
			sourceTree = "<group>";
		};
		0036F8702B685F4100E9DBDC /* Business */ = {
			isa = PBXGroup;
			children = (
				0036F8772B68682200E9DBDC /* Photo.swift */,
			);
			path = Business;
			sourceTree = "<group>";
		};
		0036F8732B6863B500E9DBDC /* Global */ = {
			isa = PBXGroup;
			children = (
				0036F8742B6863CF00E9DBDC /* Storage */,
			);
			path = Global;
			sourceTree = "<group>";
		};
		0036F8742B6863CF00E9DBDC /* Storage */ = {
			isa = PBXGroup;
			children = (
				0036F8A42B6AA22A00E9DBDC /* PhotoModelStorage.xcdatamodeld */,
				0036F8A72B6AA40800E9DBDC /* PersistenceStorageManager.swift */,
			);
			path = Storage;
			sourceTree = "<group>";
		};
		0036F8792B6868DE00E9DBDC /* Requests */ = {
			isa = PBXGroup;
			children = (
				0036F87A2B68690200E9DBDC /* ListPhotosHTTPRequest.swift */,
			);
			path = Requests;
			sourceTree = "<group>";
		};
		0036F87C2B686CA100E9DBDC /* RequestExecutor */ = {
			isa = PBXGroup;
			children = (
				0036F8642B67F39100E9DBDC /* HTTPRequestExecutor.swift */,
			);
			path = RequestExecutor;
			sourceTree = "<group>";
		};
		0036F88B2B69175600E9DBDC /* Cell */ = {
			isa = PBXGroup;
			children = (
				0036F8892B69175100E9DBDC /* ImageGalleryCollectionViewCell.swift */,
			);
			path = Cell;
			sourceTree = "<group>";
		};
		0036F8992B6A5EB000E9DBDC /* Cell */ = {
			isa = PBXGroup;
			children = (
				0036F89A2B6A5EE900E9DBDC /* ImageDetailsCollectionViewCell.swift */,
				0036F89B2B6A5EE900E9DBDC /* ImageDetailsCollectionViewCell.xib */,
			);
			path = Cell;
			sourceTree = "<group>";
		};
		0036F89E2B6A5F7700E9DBDC /* Display */ = {
			isa = PBXGroup;
			children = (
				0036F89F2B6A5F9100E9DBDC /* ImageGalleryCellItem.swift */,
			);
			path = Display;
			sourceTree = "<group>";
		};
		0036F8A12B6A624000E9DBDC /* Extensions */ = {
			isa = PBXGroup;
			children = (
				0036F8A22B6A625500E9DBDC /* UIImage+Extensions.swift */,
			);
			path = Extensions;
			sourceTree = "<group>";
		};
		0036F8AB2B6AF40500E9DBDC /* Network */ = {
			isa = PBXGroup;
			children = (
				0036F8AC2B6AF41D00E9DBDC /* RequestExecutorSpy.swift */,
			);
			path = Network;
			sourceTree = "<group>";
		};
		0036F8B02B6AF4C100E9DBDC /* Storage */ = {
			isa = PBXGroup;
			children = (
				0036F8B12B6AF4D400E9DBDC /* PersistenceStorageServiceSpy.swift */,
			);
			path = Storage;
			sourceTree = "<group>";
		};
/* End PBXGroup section */

/* Begin PBXNativeTarget section */
		0036F8282B67F01F00E9DBDC /* ImageGalleryApp */ = {
			isa = PBXNativeTarget;
			buildConfigurationList = 0036F8532B67F02000E9DBDC /* Build configuration list for PBXNativeTarget "ImageGalleryApp" */;
			buildPhases = (
				0036F8252B67F01F00E9DBDC /* Sources */,
				0036F8262B67F01F00E9DBDC /* Frameworks */,
				0036F8272B67F01F00E9DBDC /* Resources */,
			);
			buildRules = (
			);
			dependencies = (
			);
			name = ImageGalleryApp;
			packageProductDependencies = (
				0036F88F2B697E5F00E9DBDC /* Kingfisher */,
			);
			productName = ImageGalleryApp;
			productReference = 0036F8292B67F01F00E9DBDC /* ImageGalleryApp.app */;
			productType = "com.apple.product-type.application";
		};
		0036F83E2B67F02000E9DBDC /* ImageGalleryAppTests */ = {
			isa = PBXNativeTarget;
			buildConfigurationList = 0036F8562B67F02000E9DBDC /* Build configuration list for PBXNativeTarget "ImageGalleryAppTests" */;
			buildPhases = (
				0036F83B2B67F02000E9DBDC /* Sources */,
				0036F83C2B67F02000E9DBDC /* Frameworks */,
				0036F83D2B67F02000E9DBDC /* Resources */,
			);
			buildRules = (
			);
			dependencies = (
				0036F8412B67F02000E9DBDC /* PBXTargetDependency */,
			);
			name = ImageGalleryAppTests;
			productName = ImageGalleryAppTests;
			productReference = 0036F83F2B67F02000E9DBDC /* ImageGalleryAppTests.xctest */;
			productType = "com.apple.product-type.bundle.unit-test";
		};
		0036F8482B67F02000E9DBDC /* ImageGalleryAppUITests */ = {
			isa = PBXNativeTarget;
			buildConfigurationList = 0036F8592B67F02000E9DBDC /* Build configuration list for PBXNativeTarget "ImageGalleryAppUITests" */;
			buildPhases = (
				0036F8452B67F02000E9DBDC /* Sources */,
				0036F8462B67F02000E9DBDC /* Frameworks */,
				0036F8472B67F02000E9DBDC /* Resources */,
			);
			buildRules = (
			);
			dependencies = (
				0036F84B2B67F02000E9DBDC /* PBXTargetDependency */,
			);
			name = ImageGalleryAppUITests;
			productName = ImageGalleryAppUITests;
			productReference = 0036F8492B67F02000E9DBDC /* ImageGalleryAppUITests.xctest */;
			productType = "com.apple.product-type.bundle.ui-testing";
		};
/* End PBXNativeTarget section */

/* Begin PBXProject section */
		0036F8212B67F01F00E9DBDC /* Project object */ = {
			isa = PBXProject;
			attributes = {
				BuildIndependentTargetsInParallel = 1;
				LastSwiftUpdateCheck = 1500;
				LastUpgradeCheck = 1500;
				TargetAttributes = {
					0036F8282B67F01F00E9DBDC = {
						CreatedOnToolsVersion = 15.0.1;
					};
					0036F83E2B67F02000E9DBDC = {
						CreatedOnToolsVersion = 15.0.1;
						LastSwiftMigration = 1500;
						TestTargetID = 0036F8282B67F01F00E9DBDC;
					};
					0036F8482B67F02000E9DBDC = {
						CreatedOnToolsVersion = 15.0.1;
						TestTargetID = 0036F8282B67F01F00E9DBDC;
					};
				};
			};
			buildConfigurationList = 0036F8242B67F01F00E9DBDC /* Build configuration list for PBXProject "ImageGalleryApp" */;
			compatibilityVersion = "Xcode 14.0";
			developmentRegion = en;
			hasScannedForEncodings = 0;
			knownRegions = (
				en,
				Base,
			);
			mainGroup = 0036F8202B67F01F00E9DBDC;
			packageReferences = (
				0036F88E2B697E5F00E9DBDC /* XCRemoteSwiftPackageReference "Kingfisher" */,
			);
			productRefGroup = 0036F82A2B67F01F00E9DBDC /* Products */;
			projectDirPath = "";
			projectRoot = "";
			targets = (
				0036F8282B67F01F00E9DBDC /* ImageGalleryApp */,
				0036F83E2B67F02000E9DBDC /* ImageGalleryAppTests */,
				0036F8482B67F02000E9DBDC /* ImageGalleryAppUITests */,
			);
		};
/* End PBXProject section */

/* Begin PBXResourcesBuildPhase section */
		0036F8272B67F01F00E9DBDC /* Resources */ = {
			isa = PBXResourcesBuildPhase;
			buildActionMask = 2147483647;
			files = (
				0036F8392B67F02000E9DBDC /* LaunchScreen.storyboard in Resources */,
				0036F8362B67F02000E9DBDC /* Assets.xcassets in Resources */,
				0036F89D2B6A5EE900E9DBDC /* ImageDetailsCollectionViewCell.xib in Resources */,
				0036F8342B67F01F00E9DBDC /* Main.storyboard in Resources */,
				0036F8982B6A5DD200E9DBDC /* ImageDetailsViewController.xib in Resources */,
			);
			runOnlyForDeploymentPostprocessing = 0;
		};
		0036F83D2B67F02000E9DBDC /* Resources */ = {
			isa = PBXResourcesBuildPhase;
			buildActionMask = 2147483647;
			files = (
			);
			runOnlyForDeploymentPostprocessing = 0;
		};
		0036F8472B67F02000E9DBDC /* Resources */ = {
			isa = PBXResourcesBuildPhase;
			buildActionMask = 2147483647;
			files = (
			);
			runOnlyForDeploymentPostprocessing = 0;
		};
/* End PBXResourcesBuildPhase section */

/* Begin PBXSourcesBuildPhase section */
		0036F8252B67F01F00E9DBDC /* Sources */ = {
			isa = PBXSourcesBuildPhase;
			buildActionMask = 2147483647;
			files = (
				0036F8832B69103700E9DBDC /* ImageGalleryViewController.swift in Sources */,
				0036F8882B69120700E9DBDC /* ServiceAssembly.swift in Sources */,
				0036F8A02B6A5F9100E9DBDC /* ImageGalleryCellItem.swift in Sources */,
				0036F8652B67F39100E9DBDC /* HTTPRequestExecutor.swift in Sources */,
				0036F8922B69C11600E9DBDC /* ImageDetailsAssembly.swift in Sources */,
				0036F8722B68633A00E9DBDC /* URLRequestBuilder.swift in Sources */,
				0036F8692B685E6600E9DBDC /* NetworkAssembly.swift in Sources */,
				0036F87E2B690AD800E9DBDC /* ImageGalleryAssembly.swift in Sources */,
				0036F87B2B68690200E9DBDC /* ListPhotosHTTPRequest.swift in Sources */,
				0036F8AA2B6AD65E00E9DBDC /* CollectionViewLayoutBuilder.swift in Sources */,
				0036F8972B6A5DD200E9DBDC /* ImageDetailsViewController.swift in Sources */,
				0036F86E2B685F3700E9DBDC /* ListPhotosResponse.swift in Sources */,
				0036F8802B690B6300E9DBDC /* ImageGalleryPresenter.swift in Sources */,
				0036F86C2B685ED500E9DBDC /* ListPhotosService.swift in Sources */,
				0036F88A2B69175100E9DBDC /* ImageGalleryCollectionViewCell.swift in Sources */,
				0036F8A32B6A625500E9DBDC /* UIImage+Extensions.swift in Sources */,
				0036F8672B67F5D900E9DBDC /* NetworkTypes.swift in Sources */,
				0036F88D2B697DCD00E9DBDC /* BrandedImageView.swift in Sources */,
				0036F8A62B6AA22A00E9DBDC /* PhotoModelStorage.xcdatamodeld in Sources */,
				0036F8942B69C2D200E9DBDC /* ImageDetailsPresenter.swift in Sources */,
				0036F8782B68682200E9DBDC /* Photo.swift in Sources */,
				0036F8A82B6AA40800E9DBDC /* PersistenceStorageManager.swift in Sources */,
				0036F8862B69108D00E9DBDC /* ImageGalleryRouter.swift in Sources */,
				0036F82D2B67F01F00E9DBDC /* AppDelegate.swift in Sources */,
				0036F82F2B67F01F00E9DBDC /* SceneDelegate.swift in Sources */,
				0036F89C2B6A5EE900E9DBDC /* ImageDetailsCollectionViewCell.swift in Sources */,
				0036F8B42B6BE1A900E9DBDC /* PersistenceStorageService.swift in Sources */,
			);
			runOnlyForDeploymentPostprocessing = 0;
		};
		0036F83B2B67F02000E9DBDC /* Sources */ = {
			isa = PBXSourcesBuildPhase;
			buildActionMask = 2147483647;
			files = (
				0036F8AF2B6AF48200E9DBDC /* ListPhotosServiceTests.swift in Sources */,
				0036F8AD2B6AF41D00E9DBDC /* RequestExecutorSpy.swift in Sources */,
				0036F8B22B6AF4D400E9DBDC /* PersistenceStorageServiceSpy.swift in Sources */,
			);
			runOnlyForDeploymentPostprocessing = 0;
		};
		0036F8452B67F02000E9DBDC /* Sources */ = {
			isa = PBXSourcesBuildPhase;
			buildActionMask = 2147483647;
			files = (
				0036F84E2B67F02000E9DBDC /* ImageGalleryAppUITests.swift in Sources */,
				0036F8502B67F02000E9DBDC /* ImageGalleryAppUITestsLaunchTests.swift in Sources */,
			);
			runOnlyForDeploymentPostprocessing = 0;
		};
/* End PBXSourcesBuildPhase section */

/* Begin PBXTargetDependency section */
		0036F8412B67F02000E9DBDC /* PBXTargetDependency */ = {
			isa = PBXTargetDependency;
			target = 0036F8282B67F01F00E9DBDC /* ImageGalleryApp */;
			targetProxy = 0036F8402B67F02000E9DBDC /* PBXContainerItemProxy */;
		};
		0036F84B2B67F02000E9DBDC /* PBXTargetDependency */ = {
			isa = PBXTargetDependency;
			target = 0036F8282B67F01F00E9DBDC /* ImageGalleryApp */;
			targetProxy = 0036F84A2B67F02000E9DBDC /* PBXContainerItemProxy */;
		};
/* End PBXTargetDependency section */

/* Begin PBXVariantGroup section */
		0036F8322B67F01F00E9DBDC /* Main.storyboard */ = {
			isa = PBXVariantGroup;
			children = (
				0036F8332B67F01F00E9DBDC /* Base */,
			);
			name = Main.storyboard;
			sourceTree = "<group>";
		};
		0036F8372B67F02000E9DBDC /* LaunchScreen.storyboard */ = {
			isa = PBXVariantGroup;
			children = (
				0036F8382B67F02000E9DBDC /* Base */,
			);
			name = LaunchScreen.storyboard;
			sourceTree = "<group>";
		};
/* End PBXVariantGroup section */

/* Begin XCBuildConfiguration section */
		0036F8512B67F02000E9DBDC /* Debug */ = {
			isa = XCBuildConfiguration;
			buildSettings = {
				ALWAYS_SEARCH_USER_PATHS = NO;
				ASSETCATALOG_COMPILER_GENERATE_SWIFT_ASSET_SYMBOL_EXTENSIONS = YES;
				CLANG_ANALYZER_NONNULL = YES;
				CLANG_ANALYZER_NUMBER_OBJECT_CONVERSION = YES_AGGRESSIVE;
				CLANG_CXX_LANGUAGE_STANDARD = "gnu++20";
				CLANG_ENABLE_MODULES = YES;
				CLANG_ENABLE_OBJC_ARC = YES;
				CLANG_ENABLE_OBJC_WEAK = YES;
				CLANG_WARN_BLOCK_CAPTURE_AUTORELEASING = YES;
				CLANG_WARN_BOOL_CONVERSION = YES;
				CLANG_WARN_COMMA = YES;
				CLANG_WARN_CONSTANT_CONVERSION = YES;
				CLANG_WARN_DEPRECATED_OBJC_IMPLEMENTATIONS = YES;
				CLANG_WARN_DIRECT_OBJC_ISA_USAGE = YES_ERROR;
				CLANG_WARN_DOCUMENTATION_COMMENTS = YES;
				CLANG_WARN_EMPTY_BODY = YES;
				CLANG_WARN_ENUM_CONVERSION = YES;
				CLANG_WARN_INFINITE_RECURSION = YES;
				CLANG_WARN_INT_CONVERSION = YES;
				CLANG_WARN_NON_LITERAL_NULL_CONVERSION = YES;
				CLANG_WARN_OBJC_IMPLICIT_RETAIN_SELF = YES;
				CLANG_WARN_OBJC_LITERAL_CONVERSION = YES;
				CLANG_WARN_OBJC_ROOT_CLASS = YES_ERROR;
				CLANG_WARN_QUOTED_INCLUDE_IN_FRAMEWORK_HEADER = YES;
				CLANG_WARN_RANGE_LOOP_ANALYSIS = YES;
				CLANG_WARN_STRICT_PROTOTYPES = YES;
				CLANG_WARN_SUSPICIOUS_MOVE = YES;
				CLANG_WARN_UNGUARDED_AVAILABILITY = YES_AGGRESSIVE;
				CLANG_WARN_UNREACHABLE_CODE = YES;
				CLANG_WARN__DUPLICATE_METHOD_MATCH = YES;
				COPY_PHASE_STRIP = NO;
				DEBUG_INFORMATION_FORMAT = dwarf;
				ENABLE_STRICT_OBJC_MSGSEND = YES;
				ENABLE_TESTABILITY = YES;
				ENABLE_USER_SCRIPT_SANDBOXING = YES;
				GCC_C_LANGUAGE_STANDARD = gnu17;
				GCC_DYNAMIC_NO_PIC = NO;
				GCC_NO_COMMON_BLOCKS = YES;
				GCC_OPTIMIZATION_LEVEL = 0;
				GCC_PREPROCESSOR_DEFINITIONS = (
					"DEBUG=1",
					"$(inherited)",
				);
				GCC_WARN_64_TO_32_BIT_CONVERSION = YES;
				GCC_WARN_ABOUT_RETURN_TYPE = YES_ERROR;
				GCC_WARN_UNDECLARED_SELECTOR = YES;
				GCC_WARN_UNINITIALIZED_AUTOS = YES_AGGRESSIVE;
				GCC_WARN_UNUSED_FUNCTION = YES;
				GCC_WARN_UNUSED_VARIABLE = YES;
				IPHONEOS_DEPLOYMENT_TARGET = 13.0;
				LOCALIZATION_PREFERS_STRING_CATALOGS = YES;
				MTL_ENABLE_DEBUG_INFO = INCLUDE_SOURCE;
				MTL_FAST_MATH = YES;
				ONLY_ACTIVE_ARCH = YES;
				SDKROOT = iphoneos;
				SWIFT_ACTIVE_COMPILATION_CONDITIONS = "DEBUG $(inherited)";
				SWIFT_OPTIMIZATION_LEVEL = "-Onone";
			};
			name = Debug;
		};
		0036F8522B67F02000E9DBDC /* Release */ = {
			isa = XCBuildConfiguration;
			buildSettings = {
				ALWAYS_SEARCH_USER_PATHS = NO;
				ASSETCATALOG_COMPILER_GENERATE_SWIFT_ASSET_SYMBOL_EXTENSIONS = YES;
				CLANG_ANALYZER_NONNULL = YES;
				CLANG_ANALYZER_NUMBER_OBJECT_CONVERSION = YES_AGGRESSIVE;
				CLANG_CXX_LANGUAGE_STANDARD = "gnu++20";
				CLANG_ENABLE_MODULES = YES;
				CLANG_ENABLE_OBJC_ARC = YES;
				CLANG_ENABLE_OBJC_WEAK = YES;
				CLANG_WARN_BLOCK_CAPTURE_AUTORELEASING = YES;
				CLANG_WARN_BOOL_CONVERSION = YES;
				CLANG_WARN_COMMA = YES;
				CLANG_WARN_CONSTANT_CONVERSION = YES;
				CLANG_WARN_DEPRECATED_OBJC_IMPLEMENTATIONS = YES;
				CLANG_WARN_DIRECT_OBJC_ISA_USAGE = YES_ERROR;
				CLANG_WARN_DOCUMENTATION_COMMENTS = YES;
				CLANG_WARN_EMPTY_BODY = YES;
				CLANG_WARN_ENUM_CONVERSION = YES;
				CLANG_WARN_INFINITE_RECURSION = YES;
				CLANG_WARN_INT_CONVERSION = YES;
				CLANG_WARN_NON_LITERAL_NULL_CONVERSION = YES;
				CLANG_WARN_OBJC_IMPLICIT_RETAIN_SELF = YES;
				CLANG_WARN_OBJC_LITERAL_CONVERSION = YES;
				CLANG_WARN_OBJC_ROOT_CLASS = YES_ERROR;
				CLANG_WARN_QUOTED_INCLUDE_IN_FRAMEWORK_HEADER = YES;
				CLANG_WARN_RANGE_LOOP_ANALYSIS = YES;
				CLANG_WARN_STRICT_PROTOTYPES = YES;
				CLANG_WARN_SUSPICIOUS_MOVE = YES;
				CLANG_WARN_UNGUARDED_AVAILABILITY = YES_AGGRESSIVE;
				CLANG_WARN_UNREACHABLE_CODE = YES;
				CLANG_WARN__DUPLICATE_METHOD_MATCH = YES;
				COPY_PHASE_STRIP = NO;
				DEBUG_INFORMATION_FORMAT = "dwarf-with-dsym";
				ENABLE_NS_ASSERTIONS = NO;
				ENABLE_STRICT_OBJC_MSGSEND = YES;
				ENABLE_USER_SCRIPT_SANDBOXING = YES;
				GCC_C_LANGUAGE_STANDARD = gnu17;
				GCC_NO_COMMON_BLOCKS = YES;
				GCC_WARN_64_TO_32_BIT_CONVERSION = YES;
				GCC_WARN_ABOUT_RETURN_TYPE = YES_ERROR;
				GCC_WARN_UNDECLARED_SELECTOR = YES;
				GCC_WARN_UNINITIALIZED_AUTOS = YES_AGGRESSIVE;
				GCC_WARN_UNUSED_FUNCTION = YES;
				GCC_WARN_UNUSED_VARIABLE = YES;
				IPHONEOS_DEPLOYMENT_TARGET = 13.0;
				LOCALIZATION_PREFERS_STRING_CATALOGS = YES;
				MTL_ENABLE_DEBUG_INFO = NO;
				MTL_FAST_MATH = YES;
				SDKROOT = iphoneos;
				SWIFT_COMPILATION_MODE = wholemodule;
				VALIDATE_PRODUCT = YES;
			};
			name = Release;
		};
		0036F8542B67F02000E9DBDC /* Debug */ = {
			isa = XCBuildConfiguration;
			buildSettings = {
				ASSETCATALOG_COMPILER_APPICON_NAME = AppIcon;
				ASSETCATALOG_COMPILER_GLOBAL_ACCENT_COLOR_NAME = AccentColor;
				CODE_SIGN_STYLE = Automatic;
				CURRENT_PROJECT_VERSION = 1;
				DEVELOPMENT_TEAM = XCX28JQZBS;
				GENERATE_INFOPLIST_FILE = YES;
				INFOPLIST_FILE = ImageGalleryApp/Info.plist;
				INFOPLIST_KEY_UIApplicationSupportsIndirectInputEvents = YES;
				INFOPLIST_KEY_UILaunchStoryboardName = LaunchScreen;
				INFOPLIST_KEY_UIMainStoryboardFile = Main;
				INFOPLIST_KEY_UISupportedInterfaceOrientations = UIInterfaceOrientationPortrait;
				INFOPLIST_KEY_UISupportedInterfaceOrientations_iPad = "UIInterfaceOrientationLandscapeLeft UIInterfaceOrientationLandscapeRight UIInterfaceOrientationPortrait UIInterfaceOrientationPortraitUpsideDown";
				IPHONEOS_DEPLOYMENT_TARGET = 13.0;
				LD_RUNPATH_SEARCH_PATHS = (
					"$(inherited)",
					"@executable_path/Frameworks",
				);
				MARKETING_VERSION = 1.0;
				PRODUCT_BUNDLE_IDENTIFIER = com.kas.oleg.app.ImageGalleryApp;
				PRODUCT_NAME = "$(TARGET_NAME)";
				SWIFT_EMIT_LOC_STRINGS = YES;
				SWIFT_VERSION = 5.0;
				TARGETED_DEVICE_FAMILY = "1,2";
			};
			name = Debug;
		};
		0036F8552B67F02000E9DBDC /* Release */ = {
			isa = XCBuildConfiguration;
			buildSettings = {
				ASSETCATALOG_COMPILER_APPICON_NAME = AppIcon;
				ASSETCATALOG_COMPILER_GLOBAL_ACCENT_COLOR_NAME = AccentColor;
				CODE_SIGN_STYLE = Automatic;
				CURRENT_PROJECT_VERSION = 1;
				DEVELOPMENT_TEAM = XCX28JQZBS;
				GENERATE_INFOPLIST_FILE = YES;
				INFOPLIST_FILE = ImageGalleryApp/Info.plist;
				INFOPLIST_KEY_UIApplicationSupportsIndirectInputEvents = YES;
				INFOPLIST_KEY_UILaunchStoryboardName = LaunchScreen;
				INFOPLIST_KEY_UIMainStoryboardFile = Main;
				INFOPLIST_KEY_UISupportedInterfaceOrientations = UIInterfaceOrientationPortrait;
				INFOPLIST_KEY_UISupportedInterfaceOrientations_iPad = "UIInterfaceOrientationLandscapeLeft UIInterfaceOrientationLandscapeRight UIInterfaceOrientationPortrait UIInterfaceOrientationPortraitUpsideDown";
				IPHONEOS_DEPLOYMENT_TARGET = 13.0;
				LD_RUNPATH_SEARCH_PATHS = (
					"$(inherited)",
					"@executable_path/Frameworks",
				);
				MARKETING_VERSION = 1.0;
				PRODUCT_BUNDLE_IDENTIFIER = com.kas.oleg.app.ImageGalleryApp;
				PRODUCT_NAME = "$(TARGET_NAME)";
				SWIFT_EMIT_LOC_STRINGS = YES;
				SWIFT_VERSION = 5.0;
				TARGETED_DEVICE_FAMILY = "1,2";
			};
			name = Release;
		};
		0036F8572B67F02000E9DBDC /* Debug */ = {
			isa = XCBuildConfiguration;
			buildSettings = {
				ALWAYS_EMBED_SWIFT_STANDARD_LIBRARIES = YES;
				BUNDLE_LOADER = "$(TEST_HOST)";
				CLANG_ENABLE_MODULES = YES;
				CODE_SIGN_STYLE = Automatic;
				CURRENT_PROJECT_VERSION = 1;
				DEVELOPMENT_TEAM = XCX28JQZBS;
				GENERATE_INFOPLIST_FILE = YES;
				IPHONEOS_DEPLOYMENT_TARGET = 17.0;
				MARKETING_VERSION = 1.0;
				PRODUCT_BUNDLE_IDENTIFIER = com.kas.oleg.app.ImageGalleryAppTests;
				PRODUCT_NAME = "$(TARGET_NAME)";
				SWIFT_EMIT_LOC_STRINGS = NO;
				SWIFT_OPTIMIZATION_LEVEL = "-Onone";
				SWIFT_VERSION = 5.0;
				TARGETED_DEVICE_FAMILY = "1,2";
				TEST_HOST = "$(BUILT_PRODUCTS_DIR)/ImageGalleryApp.app/$(BUNDLE_EXECUTABLE_FOLDER_PATH)/ImageGalleryApp";
			};
			name = Debug;
		};
		0036F8582B67F02000E9DBDC /* Release */ = {
			isa = XCBuildConfiguration;
			buildSettings = {
				ALWAYS_EMBED_SWIFT_STANDARD_LIBRARIES = YES;
				BUNDLE_LOADER = "$(TEST_HOST)";
				CLANG_ENABLE_MODULES = YES;
				CODE_SIGN_STYLE = Automatic;
				CURRENT_PROJECT_VERSION = 1;
				DEVELOPMENT_TEAM = XCX28JQZBS;
				GENERATE_INFOPLIST_FILE = YES;
				IPHONEOS_DEPLOYMENT_TARGET = 17.0;
				MARKETING_VERSION = 1.0;
				PRODUCT_BUNDLE_IDENTIFIER = com.kas.oleg.app.ImageGalleryAppTests;
				PRODUCT_NAME = "$(TARGET_NAME)";
				SWIFT_EMIT_LOC_STRINGS = NO;
				SWIFT_VERSION = 5.0;
				TARGETED_DEVICE_FAMILY = "1,2";
				TEST_HOST = "$(BUILT_PRODUCTS_DIR)/ImageGalleryApp.app/$(BUNDLE_EXECUTABLE_FOLDER_PATH)/ImageGalleryApp";
			};
			name = Release;
		};
		0036F85A2B67F02000E9DBDC /* Debug */ = {
			isa = XCBuildConfiguration;
			buildSettings = {
				ALWAYS_EMBED_SWIFT_STANDARD_LIBRARIES = YES;
				CODE_SIGN_STYLE = Automatic;
				CURRENT_PROJECT_VERSION = 1;
				DEVELOPMENT_TEAM = XCX28JQZBS;
				GENERATE_INFOPLIST_FILE = YES;
				MARKETING_VERSION = 1.0;
				PRODUCT_BUNDLE_IDENTIFIER = com.kas.oleg.app.ImageGalleryAppUITests;
				PRODUCT_NAME = "$(TARGET_NAME)";
				SWIFT_EMIT_LOC_STRINGS = NO;
				SWIFT_VERSION = 5.0;
				TARGETED_DEVICE_FAMILY = "1,2";
				TEST_TARGET_NAME = ImageGalleryApp;
			};
			name = Debug;
		};
		0036F85B2B67F02000E9DBDC /* Release */ = {
			isa = XCBuildConfiguration;
			buildSettings = {
				ALWAYS_EMBED_SWIFT_STANDARD_LIBRARIES = YES;
				CODE_SIGN_STYLE = Automatic;
				CURRENT_PROJECT_VERSION = 1;
				DEVELOPMENT_TEAM = XCX28JQZBS;
				GENERATE_INFOPLIST_FILE = YES;
				MARKETING_VERSION = 1.0;
				PRODUCT_BUNDLE_IDENTIFIER = com.kas.oleg.app.ImageGalleryAppUITests;
				PRODUCT_NAME = "$(TARGET_NAME)";
				SWIFT_EMIT_LOC_STRINGS = NO;
				SWIFT_VERSION = 5.0;
				TARGETED_DEVICE_FAMILY = "1,2";
				TEST_TARGET_NAME = ImageGalleryApp;
			};
			name = Release;
		};
/* End XCBuildConfiguration section */

/* Begin XCConfigurationList section */
		0036F8242B67F01F00E9DBDC /* Build configuration list for PBXProject "ImageGalleryApp" */ = {
			isa = XCConfigurationList;
			buildConfigurations = (
				0036F8512B67F02000E9DBDC /* Debug */,
				0036F8522B67F02000E9DBDC /* Release */,
			);
			defaultConfigurationIsVisible = 0;
			defaultConfigurationName = Release;
		};
		0036F8532B67F02000E9DBDC /* Build configuration list for PBXNativeTarget "ImageGalleryApp" */ = {
			isa = XCConfigurationList;
			buildConfigurations = (
				0036F8542B67F02000E9DBDC /* Debug */,
				0036F8552B67F02000E9DBDC /* Release */,
			);
			defaultConfigurationIsVisible = 0;
			defaultConfigurationName = Release;
		};
		0036F8562B67F02000E9DBDC /* Build configuration list for PBXNativeTarget "ImageGalleryAppTests" */ = {
			isa = XCConfigurationList;
			buildConfigurations = (
				0036F8572B67F02000E9DBDC /* Debug */,
				0036F8582B67F02000E9DBDC /* Release */,
			);
			defaultConfigurationIsVisible = 0;
			defaultConfigurationName = Release;
		};
		0036F8592B67F02000E9DBDC /* Build configuration list for PBXNativeTarget "ImageGalleryAppUITests" */ = {
			isa = XCConfigurationList;
			buildConfigurations = (
				0036F85A2B67F02000E9DBDC /* Debug */,
				0036F85B2B67F02000E9DBDC /* Release */,
			);
			defaultConfigurationIsVisible = 0;
			defaultConfigurationName = Release;
		};
/* End XCConfigurationList section */

/* Begin XCRemoteSwiftPackageReference section */
		0036F88E2B697E5F00E9DBDC /* XCRemoteSwiftPackageReference "Kingfisher" */ = {
			isa = XCRemoteSwiftPackageReference;
			repositoryURL = "https://github.com/onevcat/Kingfisher.git";
			requirement = {
				kind = exactVersion;
				version = 7.10.2;
			};
		};
/* End XCRemoteSwiftPackageReference section */

/* Begin XCSwiftPackageProductDependency section */
		0036F88F2B697E5F00E9DBDC /* Kingfisher */ = {
			isa = XCSwiftPackageProductDependency;
			package = 0036F88E2B697E5F00E9DBDC /* XCRemoteSwiftPackageReference "Kingfisher" */;
			productName = Kingfisher;
		};
/* End XCSwiftPackageProductDependency section */

/* Begin XCVersionGroup section */
		0036F8A42B6AA22A00E9DBDC /* PhotoModelStorage.xcdatamodeld */ = {
			isa = XCVersionGroup;
			children = (
				0036F8A52B6AA22A00E9DBDC /* PhotoModelStorage.xcdatamodel */,
			);
			currentVersion = 0036F8A52B6AA22A00E9DBDC /* PhotoModelStorage.xcdatamodel */;
			path = PhotoModelStorage.xcdatamodeld;
			sourceTree = "<group>";
			versionGroupType = wrapper.xcdatamodel;
		};
/* End XCVersionGroup section */
	};
	rootObject = 0036F8212B67F01F00E9DBDC /* Project object */;
}
